# THIS IS AN AUTOGENERATED FILE. DO NOT EDIT THIS FILE DIRECTLY.
# yarn lockfile v1


"@actions/core@^1.2.6", "@actions/core@~1.2.7":
  "integrity" "sha512-kzLFD5BgEvq6ubcxdgPbRKGD2Qrgya/5j+wh4LZzqT915I0V3rED+MvjH6NXghbvk1MXknpNNQ3uKjXSEN00Ig=="
  "resolved" "https://registry.npmjs.org/@actions/core/-/core-1.2.7.tgz"
  "version" "1.2.7"

"@actions/exec@^1.0.0", "@actions/exec@~1.0.4":
  "integrity" "sha512-4DPChWow9yc9W3WqEbUj8Nr86xkpyE29ZzWjXucHItclLbEW6jr80Zx4nqv18QL6KK65+cifiQZXvnqgTV6oHw=="
  "resolved" "https://registry.npmjs.org/@actions/exec/-/exec-1.0.4.tgz"
  "version" "1.0.4"
  dependencies:
    "@actions/io" "^1.0.1"

"@actions/http-client@^1.0.8":
  "integrity" "sha512-G4JjJ6f9Hb3Zvejj+ewLLKLf99ZC+9v+yCxoYf9vSyH+WkzPLB2LuUtRMGNkooMqdugGBFStIKXOuvH1W+EctA=="
  "resolved" "https://registry.npmjs.org/@actions/http-client/-/http-client-1.0.8.tgz"
  "version" "1.0.8"
  dependencies:
    "tunnel" "0.0.6"

"@actions/io@^1.0.1", "@actions/io@~1.1.0":
  "integrity" "sha512-PspSX7Z9zh2Fyyuf3F6BsYeXcYHfc/VJ1vwy2vouas95efHVd42M6UfBFRs+jY0uiMDXhAoUtATn9g2r1MaWBQ=="
  "resolved" "https://registry.npmjs.org/@actions/io/-/io-1.1.0.tgz"
  "version" "1.1.0"

"@actions/tool-cache@~1.6.1":
  "integrity" "sha512-F+vwEDwfqcHMKuSkj79pihOnsAMv23EkG76nMpc82UsnXwyQdyEsktGxrB0SNtm7pRqTXEIOoAPTgrSQclXYTg=="
  "resolved" "https://registry.npmjs.org/@actions/tool-cache/-/tool-cache-1.6.1.tgz"
  "version" "1.6.1"
  dependencies:
    "@actions/core" "^1.2.6"
    "@actions/exec" "^1.0.0"
    "@actions/http-client" "^1.0.8"
    "@actions/io" "^1.0.1"
    "semver" "^6.1.0"
    "uuid" "^3.3.2"

"@types/node@~12.12.2":
  "integrity" "sha512-3RW2s24ewB7F9dAHvgb9FRvNHn6nO9IK6Eaknbz7HTOe2a5GVne5XbUh5+YA+kcCn67glyHhClUUdFP73LWrgQ=="
  "resolved" "https://registry.npmjs.org/@types/node/-/node-12.12.68.tgz"
  "version" "12.12.68"

"@vercel/ncc@^0.28.5":
  "integrity" "sha512-ZSwD4EDCon2EsnPZ2/Qcigx4N2DiuBLV/rDnF04giEPFuDeBeUDdnSTyYYfX8KNic/prrJuS1vUEmAOHmj+fRg=="
  "resolved" "https://registry.npmjs.org/@vercel/ncc/-/ncc-0.28.5.tgz"
  "version" "0.28.5"

"semver@^6.1.0":
  "integrity" "sha512-b39TBaTSfV6yBrapU89p5fKekE2m/NwnDocOVruQFS1/veMgdzuPcnOM34M6CwxW8jH/lxEa5rBoDeUwu5HHTw=="
  "resolved" "https://registry.npmjs.org/semver/-/semver-6.3.0.tgz"
  "version" "6.3.0"

"tunnel@0.0.6":
  "integrity" "sha512-1h/Lnq9yajKY2PEbBadPXj3VxsDDu844OnaAo52UVmIzIvwwtBPIuNvkjuzBlTWpfJyUbG3ez0KSBibQkj4ojg=="
  "resolved" "https://registry.npmjs.org/tunnel/-/tunnel-0.0.6.tgz"
  "version" "0.0.6"

"typescript@^4.2.4":
  "integrity" "sha512-V+evlYHZnQkaz8TRBuxTA92yZBPotr5H+WhQ7bD3hZUndx5tGOa1fuCgeSjxAzM1RiN5IzvadIXTVefuuwZCRg=="
  "resolved" "https://registry.npmjs.org/typescript/-/typescript-4.2.4.tgz"
  "version" "4.2.4"

"uuid@^3.3.2":
  "integrity" "sha512-HjSDRw6gZE5JMggctHBcjVak08+KEVhSIiDzFnT9S9aegmp85S/bReBVTb4QTFaRNptJ9kuYaNhnbNEOkbKb/A=="
  "resolved" "https://registry.npmjs.org/uuid/-/uuid-3.4.0.tgz"
  "version" "3.4.0"
